// !$*UTF8*$!
{
	archiveVersion = 1;
	classes = {
	};
	objectVersion = 77;
	objects = {

/* Begin PBXBuildFile section */
		0EDE09BBB03E8F701E8D51D4 /* Assets.xcassets in Resources */ = {isa = PBXBuildFile; fileRef = 9AD7EAFE11D10D7ABD5675DA /* Assets.xcassets */; };
		0FD1237A2C0C56EA2A770A4B /* AIExplanationService.swift in Sources */ = {isa = PBXBuildFile; fileRef = 685DC462E067D9383EB90C2B /* AIExplanationService.swift */; };
		12A81D10A069866CE18C6C04 /* DictionaryCacheServiceTests.swift in Sources */ = {isa = PBXBuildFile; fileRef = ECFC94BE5BDD48130C4F49AE /* DictionaryCacheServiceTests.swift */; };
		1F0B8CDE8719C05B10792A74 /* AudioPlayerService.swift in Sources */ = {isa = PBXBuildFile; fileRef = 2E144740DA4FDAAEC2F49996 /* AudioPlayerService.swift */; };
		237FF42D4946A0FA991F8F85 /* PageElementsView.swift in Sources */ = {isa = PBXBuildFile; fileRef = 1E6785709EBB779E81D69CE5 /* PageElementsView.swift */; };
		2639BB6CA7CC9C770EA1365C /* DictionaryDecodingTests.swift in Sources */ = {isa = PBXBuildFile; fileRef = 260BB29E4E81F4DE613634EC /* DictionaryDecodingTests.swift */; };
		2782097E91C0BB82A647A48F /* ShapeSnapper.swift in Sources */ = {isa = PBXBuildFile; fileRef = 0A04E03DB762DCCB322361DB /* ShapeSnapper.swift */; };
		280E90685D463197CBC94D81 /* CachedDictionaryEntry.swift in Sources */ = {isa = PBXBuildFile; fileRef = 825E099EE8F5E1AE3A03FD71 /* CachedDictionaryEntry.swift */; };
		2F3491E537062031742F9E20 /* VocabularyService.swift in Sources */ = {isa = PBXBuildFile; fileRef = 10B17E24FEFD9A655ADC0144 /* VocabularyService.swift */; };
		30767356DB158E941960D64F /* NoteEditorViewModel.swift in Sources */ = {isa = PBXBuildFile; fileRef = 27F432CD16AFE866C21FA73F /* NoteEditorViewModel.swift */; };
		3274969D4AE6F228A74BE0A8 /* DefinitionSheet.swift in Sources */ = {isa = PBXBuildFile; fileRef = A731C1283F82F6D6C8122C2F /* DefinitionSheet.swift */; };
		34C2123FA0F9D77983487590 /* LiquidGlassStyle.swift in Sources */ = {isa = PBXBuildFile; fileRef = DCB3734455DD2B441A183521 /* LiquidGlassStyle.swift */; };
		34F0F6008891FC8F9B76FC8C /* SettingsView.swift in Sources */ = {isa = PBXBuildFile; fileRef = 40D024ADB32901DEBA662503 /* SettingsView.swift */; };
		3A76A999579A3F5EFF75C0C0 /* MockURLProtocol.swift in Sources */ = {isa = PBXBuildFile; fileRef = 65C4D8D384E7F38369CD42B1 /* MockURLProtocol.swift */; };
		3D90A256CC1B8B427AAA4460 /* NotesLibraryView.swift in Sources */ = {isa = PBXBuildFile; fileRef = 739C1186F16721491D381AD1 /* NotesLibraryView.swift */; };
		3E4167064623B3D415CBBE2D /* DictionaryLookupViewModel.swift in Sources */ = {isa = PBXBuildFile; fileRef = 84F893A632E672428897A83D /* DictionaryLookupViewModel.swift */; };
		412C7A9A73DC860E2A58A6DC /* NoteEditorView.swift in Sources */ = {isa = PBXBuildFile; fileRef = 0376BEE51A2D908BA97B3F0A /* NoteEditorView.swift */; };
		4221FC75DD9743791B97AA33 /* RichTextEditor.swift in Sources */ = {isa = PBXBuildFile; fileRef = 0FCF130C14316A1A17F34122 /* RichTextEditor.swift */; };
		4E2AFB81D32BCFA71DDBBF05 /* DictionaryServiceTests.swift in Sources */ = {isa = PBXBuildFile; fileRef = 26109E2D91DBEFE144F8A808 /* DictionaryServiceTests.swift */; };
		50711B0FDA35C4BE80665B63 /* NotebookFlowUITests.swift in Sources */ = {isa = PBXBuildFile; fileRef = B61B19CED030C6787FDE4D70 /* NotebookFlowUITests.swift */; };
		577EB59D8268EC1F384D4694 /* VocabularyItem.swift in Sources */ = {isa = PBXBuildFile; fileRef = 47D50AC2281BBF2D82698668 /* VocabularyItem.swift */; };
		5C9652454641BF3302CF94F1 /* VocabularyServiceTests.swift in Sources */ = {isa = PBXBuildFile; fileRef = E1F3EA46BEC563B303CB06B7 /* VocabularyServiceTests.swift */; };
		621E2A5B79A68508947EC75F /* NotebookEditorView.swift in Sources */ = {isa = PBXBuildFile; fileRef = 2221F7DB61D8C22B112B6E7F /* NotebookEditorView.swift */; };
		62FBA3FC0C136A831BD6B5AB /* WordNormalizerTests.swift in Sources */ = {isa = PBXBuildFile; fileRef = 9EED1F841BD5DB468411A73D /* WordNormalizerTests.swift */; };
		680211714A8B81A14E04F547 /* PageElement.swift in Sources */ = {isa = PBXBuildFile; fileRef = 2EB4232CA527079409834E07 /* PageElement.swift */; };
		68AE3C6D21DDB766B3E0C4E7 /* Preview Assets.xcassets in Resources */ = {isa = PBXBuildFile; fileRef = 97B1CBEB7D87C5DB73CA3CA1 /* Preview Assets.xcassets */; };
		6ECF8D99F001FFCC5F818B0A /* VocabularyViewModel.swift in Sources */ = {isa = PBXBuildFile; fileRef = 27E0D0FDC53FA90D7C9687C2 /* VocabularyViewModel.swift */; };
		72E6D24C94D53BB6744757BE /* OfflineDictionaryServiceTests.swift in Sources */ = {isa = PBXBuildFile; fileRef = 812F7E103045D5734DFFCBE6 /* OfflineDictionaryServiceTests.swift */; };
		74657E29ACB44E9289878E12 /* SmartNotesApp.swift in Sources */ = {isa = PBXBuildFile; fileRef = 1EB27834A4DAAE4BA7DFBF10 /* SmartNotesApp.swift */; };
		7BCDE11C83318381B84C1B64 /* NotebookLibraryView.swift in Sources */ = {isa = PBXBuildFile; fileRef = 9887784609909D1EC607ED05 /* NotebookLibraryView.swift */; };
		7F549F0DA9E3C8A5A04CBE9D /* VocabularyListView.swift in Sources */ = {isa = PBXBuildFile; fileRef = DB77F16CB243E48A4C74986C /* VocabularyListView.swift */; };
		822920EEA6E59AAB11773CE3 /* AIExplanation.swift in Sources */ = {isa = PBXBuildFile; fileRef = DFE6B0D806FB5E17DB14FC3F /* AIExplanation.swift */; };
		83ABAA9CF016AEE02E34E406 /* DictionaryModels.swift in Sources */ = {isa = PBXBuildFile; fileRef = A8ABB8AB4C3FB0B1606CF3DD /* DictionaryModels.swift */; };
		84D73D9F4497A146368C00A2 /* SampleDictionary.swift in Sources */ = {isa = PBXBuildFile; fileRef = 4F9E44E500B75165FA2B770C /* SampleDictionary.swift */; };
		90256DFFBFB2538EDB77EE19 /* LookupCoordinator.swift in Sources */ = {isa = PBXBuildFile; fileRef = CDDA84644077E41C037E720C /* LookupCoordinator.swift */; };
		9CD37A4FB74DF7E92139E549 /* DictionaryCacheService.swift in Sources */ = {isa = PBXBuildFile; fileRef = 75803C6C5E87906C6E714705 /* DictionaryCacheService.swift */; };
		A08164C02AF2A8D3AB6A2042 /* NotesLibraryViewModel.swift in Sources */ = {isa = PBXBuildFile; fileRef = 8471A603360370A08F7409B3 /* NotesLibraryViewModel.swift */; };
		A7E222A85A8E4E08CA98E4DB /* SampleNotes.swift in Sources */ = {isa = PBXBuildFile; fileRef = 14F86597CE283636E1BB6986 /* SampleNotes.swift */; };
		AA2229998778DA2E872220ED /* MeaningSectionView.swift in Sources */ = {isa = PBXBuildFile; fileRef = 38C0BB00F16173B0C66A50E0 /* MeaningSectionView.swift */; };
		AA43E02372C0BF8E7EBB80B0 /* Note.swift in Sources */ = {isa = PBXBuildFile; fileRef = 6D17E1AC9CADD6DB1D2E7997 /* Note.swift */; };
		AB8BCBF3614C4FFC66FC5691 /* AIExplanationSheet.swift in Sources */ = {isa = PBXBuildFile; fileRef = D5FEFAACF77CB1E7C3849707 /* AIExplanationSheet.swift */; };
		AF4086B867880F5C86F507F7 /* SQLiteOfflineDictionaryService.swift in Sources */ = {isa = PBXBuildFile; fileRef = 0D534038DBB0B058C79C4AA7 /* SQLiteOfflineDictionaryService.swift */; };
		B32CC65A39AE32EBB1D9EBFD /* DictionaryService.swift in Sources */ = {isa = PBXBuildFile; fileRef = 294AFB1C897EF6F1E3FF25DE /* DictionaryService.swift */; };
		BEDD0BED6A105349D523BD69 /* NoteCardView.swift in Sources */ = {isa = PBXBuildFile; fileRef = 134B0229F89AE1BD6872D9B3 /* NoteCardView.swift */; };
		C0030E1B9A4FABF4A49CA292 /* DefinitionRowView.swift in Sources */ = {isa = PBXBuildFile; fileRef = B0CFC473C7BC0A02F1C2330E /* DefinitionRowView.swift */; };
		C06C15234E6AED4724CF22A2 /* OfflineDictionaryService.swift in Sources */ = {isa = PBXBuildFile; fileRef = AEEC0EBD4A0E8480CB9C75F3 /* OfflineDictionaryService.swift */; };
		C493EC1550EBAAE49F0722B5 /* NotebookDocumentService.swift in Sources */ = {isa = PBXBuildFile; fileRef = ACDBB3277D74612174D6A8C3 /* NotebookDocumentService.swift */; };
		E57295BFE9A079B4EBE04C33 /* MockAIExplanationService.swift in Sources */ = {isa = PBXBuildFile; fileRef = 5AD7658A4386368C5D752D7E /* MockAIExplanationService.swift */; };
		E7E238CA975F4F6239D7A5DD /* VocabularyDetailView.swift in Sources */ = {isa = PBXBuildFile; fileRef = 3788D75E15E487EDE112E668 /* VocabularyDetailView.swift */; };
		E80BCCFFD1ACBEB8987C558F /* dictionary.sqlite in Resources */ = {isa = PBXBuildFile; fileRef = E440F00AE5C665D9FC9C384D /* dictionary.sqlite */; };
		F400D011515A05915734FAF0 /* drink.json in Resources */ = {isa = PBXBuildFile; fileRef = A23CAC01C7103E82EA766D61 /* drink.json */; };
		FAD27B15980892E69BE76DBB /* DrawingCanvasView.swift in Sources */ = {isa = PBXBuildFile; fileRef = 8E4B6A74B8856650A18A78DC /* DrawingCanvasView.swift */; };
		FEA026AEDFD6456E17FBBD26 /* Notebook.swift in Sources */ = {isa = PBXBuildFile; fileRef = 8684AB3AB929EA3C5D062346 /* Notebook.swift */; };
/* End PBXBuildFile section */

/* Begin PBXContainerItemProxy section */
		5B6AFB86099E72AE13905E41 /* PBXContainerItemProxy */ = {
			isa = PBXContainerItemProxy;
			containerPortal = F3216CA23828AD32E17D97D2 /* Project object */;
			proxyType = 1;
			remoteGlobalIDString = FC5935945D0D94578A47DD5C;
			remoteInfo = SmartNotes;
		};
		9B23021768B306A9CE230033 /* PBXContainerItemProxy */ = {
			isa = PBXContainerItemProxy;
			containerPortal = F3216CA23828AD32E17D97D2 /* Project object */;
			proxyType = 1;
			remoteGlobalIDString = FC5935945D0D94578A47DD5C;
			remoteInfo = SmartNotes;
		};
/* End PBXContainerItemProxy section */

/* Begin PBXFileReference section */
		0376BEE51A2D908BA97B3F0A /* NoteEditorView.swift */ = {isa = PBXFileReference; lastKnownFileType = sourcecode.swift; path = NoteEditorView.swift; sourceTree = "<group>"; };
		0A04E03DB762DCCB322361DB /* ShapeSnapper.swift */ = {isa = PBXFileReference; lastKnownFileType = sourcecode.swift; path = ShapeSnapper.swift; sourceTree = "<group>"; };
		0D534038DBB0B058C79C4AA7 /* SQLiteOfflineDictionaryService.swift */ = {isa = PBXFileReference; lastKnownFileType = sourcecode.swift; path = SQLiteOfflineDictionaryService.swift; sourceTree = "<group>"; };
		0FCF130C14316A1A17F34122 /* RichTextEditor.swift */ = {isa = PBXFileReference; lastKnownFileType = sourcecode.swift; path = RichTextEditor.swift; sourceTree = "<group>"; };
		10B17E24FEFD9A655ADC0144 /* VocabularyService.swift */ = {isa = PBXFileReference; lastKnownFileType = sourcecode.swift; path = VocabularyService.swift; sourceTree = "<group>"; };
		134B0229F89AE1BD6872D9B3 /* NoteCardView.swift */ = {isa = PBXFileReference; lastKnownFileType = sourcecode.swift; path = NoteCardView.swift; sourceTree = "<group>"; };
		14F86597CE283636E1BB6986 /* SampleNotes.swift */ = {isa = PBXFileReference; lastKnownFileType = sourcecode.swift; path = SampleNotes.swift; sourceTree = "<group>"; };
		1E6785709EBB779E81D69CE5 /* PageElementsView.swift */ = {isa = PBXFileReference; lastKnownFileType = sourcecode.swift; path = PageElementsView.swift; sourceTree = "<group>"; };
		1EB27834A4DAAE4BA7DFBF10 /* SmartNotesApp.swift */ = {isa = PBXFileReference; lastKnownFileType = sourcecode.swift; path = SmartNotesApp.swift; sourceTree = "<group>"; };
		2221F7DB61D8C22B112B6E7F /* NotebookEditorView.swift */ = {isa = PBXFileReference; lastKnownFileType = sourcecode.swift; path = NotebookEditorView.swift; sourceTree = "<group>"; };
		260BB29E4E81F4DE613634EC /* DictionaryDecodingTests.swift */ = {isa = PBXFileReference; lastKnownFileType = sourcecode.swift; path = DictionaryDecodingTests.swift; sourceTree = "<group>"; };
		26109E2D91DBEFE144F8A808 /* DictionaryServiceTests.swift */ = {isa = PBXFileReference; lastKnownFileType = sourcecode.swift; path = DictionaryServiceTests.swift; sourceTree = "<group>"; };
		27E0D0FDC53FA90D7C9687C2 /* VocabularyViewModel.swift */ = {isa = PBXFileReference; lastKnownFileType = sourcecode.swift; path = VocabularyViewModel.swift; sourceTree = "<group>"; };
		27F432CD16AFE866C21FA73F /* NoteEditorViewModel.swift */ = {isa = PBXFileReference; lastKnownFileType = sourcecode.swift; path = NoteEditorViewModel.swift; sourceTree = "<group>"; };
		294AFB1C897EF6F1E3FF25DE /* DictionaryService.swift */ = {isa = PBXFileReference; lastKnownFileType = sourcecode.swift; path = DictionaryService.swift; sourceTree = "<group>"; };
		2E144740DA4FDAAEC2F49996 /* AudioPlayerService.swift */ = {isa = PBXFileReference; lastKnownFileType = sourcecode.swift; path = AudioPlayerService.swift; sourceTree = "<group>"; };
		2EB4232CA527079409834E07 /* PageElement.swift */ = {isa = PBXFileReference; lastKnownFileType = sourcecode.swift; path = PageElement.swift; sourceTree = "<group>"; };
		3788D75E15E487EDE112E668 /* VocabularyDetailView.swift */ = {isa = PBXFileReference; lastKnownFileType = sourcecode.swift; path = VocabularyDetailView.swift; sourceTree = "<group>"; };
		38C0BB00F16173B0C66A50E0 /* MeaningSectionView.swift */ = {isa = PBXFileReference; lastKnownFileType = sourcecode.swift; path = MeaningSectionView.swift; sourceTree = "<group>"; };
		40D024ADB32901DEBA662503 /* SettingsView.swift */ = {isa = PBXFileReference; lastKnownFileType = sourcecode.swift; path = SettingsView.swift; sourceTree = "<group>"; };
		47D50AC2281BBF2D82698668 /* VocabularyItem.swift */ = {isa = PBXFileReference; lastKnownFileType = sourcecode.swift; path = VocabularyItem.swift; sourceTree = "<group>"; };
		4F9E44E500B75165FA2B770C /* SampleDictionary.swift */ = {isa = PBXFileReference; lastKnownFileType = sourcecode.swift; path = SampleDictionary.swift; sourceTree = "<group>"; };
		5AD7658A4386368C5D752D7E /* MockAIExplanationService.swift */ = {isa = PBXFileReference; lastKnownFileType = sourcecode.swift; path = MockAIExplanationService.swift; sourceTree = "<group>"; };
		65C4D8D384E7F38369CD42B1 /* MockURLProtocol.swift */ = {isa = PBXFileReference; lastKnownFileType = sourcecode.swift; path = MockURLProtocol.swift; sourceTree = "<group>"; };
		685DC462E067D9383EB90C2B /* AIExplanationService.swift */ = {isa = PBXFileReference; lastKnownFileType = sourcecode.swift; path = AIExplanationService.swift; sourceTree = "<group>"; };
		6D17E1AC9CADD6DB1D2E7997 /* Note.swift */ = {isa = PBXFileReference; lastKnownFileType = sourcecode.swift; path = Note.swift; sourceTree = "<group>"; };
		739C1186F16721491D381AD1 /* NotesLibraryView.swift */ = {isa = PBXFileReference; lastKnownFileType = sourcecode.swift; path = NotesLibraryView.swift; sourceTree = "<group>"; };
		75803C6C5E87906C6E714705 /* DictionaryCacheService.swift */ = {isa = PBXFileReference; lastKnownFileType = sourcecode.swift; path = DictionaryCacheService.swift; sourceTree = "<group>"; };
		812F7E103045D5734DFFCBE6 /* OfflineDictionaryServiceTests.swift */ = {isa = PBXFileReference; lastKnownFileType = sourcecode.swift; path = OfflineDictionaryServiceTests.swift; sourceTree = "<group>"; };
		825E099EE8F5E1AE3A03FD71 /* CachedDictionaryEntry.swift */ = {isa = PBXFileReference; lastKnownFileType = sourcecode.swift; path = CachedDictionaryEntry.swift; sourceTree = "<group>"; };
		8471A603360370A08F7409B3 /* NotesLibraryViewModel.swift */ = {isa = PBXFileReference; lastKnownFileType = sourcecode.swift; path = NotesLibraryViewModel.swift; sourceTree = "<group>"; };
		84F893A632E672428897A83D /* DictionaryLookupViewModel.swift */ = {isa = PBXFileReference; lastKnownFileType = sourcecode.swift; path = DictionaryLookupViewModel.swift; sourceTree = "<group>"; };
		8684AB3AB929EA3C5D062346 /* Notebook.swift */ = {isa = PBXFileReference; lastKnownFileType = sourcecode.swift; path = Notebook.swift; sourceTree = "<group>"; };
		8E4B6A74B8856650A18A78DC /* DrawingCanvasView.swift */ = {isa = PBXFileReference; lastKnownFileType = sourcecode.swift; path = DrawingCanvasView.swift; sourceTree = "<group>"; };
		97B1CBEB7D87C5DB73CA3CA1 /* Preview Assets.xcassets */ = {isa = PBXFileReference; lastKnownFileType = folder.assetcatalog; path = "Preview Assets.xcassets"; sourceTree = "<group>"; };
		9887784609909D1EC607ED05 /* NotebookLibraryView.swift */ = {isa = PBXFileReference; lastKnownFileType = sourcecode.swift; path = NotebookLibraryView.swift; sourceTree = "<group>"; };
		9AD7EAFE11D10D7ABD5675DA /* Assets.xcassets */ = {isa = PBXFileReference; lastKnownFileType = folder.assetcatalog; path = Assets.xcassets; sourceTree = "<group>"; };
		9EED1F841BD5DB468411A73D /* WordNormalizerTests.swift */ = {isa = PBXFileReference; lastKnownFileType = sourcecode.swift; path = WordNormalizerTests.swift; sourceTree = "<group>"; };
		A23CAC01C7103E82EA766D61 /* drink.json */ = {isa = PBXFileReference; lastKnownFileType = text.json; path = drink.json; sourceTree = "<group>"; };
		A731C1283F82F6D6C8122C2F /* DefinitionSheet.swift */ = {isa = PBXFileReference; lastKnownFileType = sourcecode.swift; path = DefinitionSheet.swift; sourceTree = "<group>"; };
		A8ABB8AB4C3FB0B1606CF3DD /* DictionaryModels.swift */ = {isa = PBXFileReference; lastKnownFileType = sourcecode.swift; path = DictionaryModels.swift; sourceTree = "<group>"; };
		AAEC86C9A623F4F4D2B214F6 /* SmartNotesTests.xctest */ = {isa = PBXFileReference; includeInIndex = 0; lastKnownFileType = wrapper.cfbundle; path = SmartNotesTests.xctest; sourceTree = BUILT_PRODUCTS_DIR; };
		ACDBB3277D74612174D6A8C3 /* NotebookDocumentService.swift */ = {isa = PBXFileReference; lastKnownFileType = sourcecode.swift; path = NotebookDocumentService.swift; sourceTree = "<group>"; };
		AEEC0EBD4A0E8480CB9C75F3 /* OfflineDictionaryService.swift */ = {isa = PBXFileReference; lastKnownFileType = sourcecode.swift; path = OfflineDictionaryService.swift; sourceTree = "<group>"; };
		B0CFC473C7BC0A02F1C2330E /* DefinitionRowView.swift */ = {isa = PBXFileReference; lastKnownFileType = sourcecode.swift; path = DefinitionRowView.swift; sourceTree = "<group>"; };
		B0D8DB212E7C4C983D3F4F90 /* SmartNotesUITests.xctest */ = {isa = PBXFileReference; includeInIndex = 0; lastKnownFileType = wrapper.cfbundle; path = SmartNotesUITests.xctest; sourceTree = BUILT_PRODUCTS_DIR; };
		B61B19CED030C6787FDE4D70 /* NotebookFlowUITests.swift */ = {isa = PBXFileReference; lastKnownFileType = sourcecode.swift; path = NotebookFlowUITests.swift; sourceTree = "<group>"; };
		CDDA84644077E41C037E720C /* LookupCoordinator.swift */ = {isa = PBXFileReference; lastKnownFileType = sourcecode.swift; path = LookupCoordinator.swift; sourceTree = "<group>"; };
		D03711076512DCEEC0A90D22 /* SmartNotes.app */ = {isa = PBXFileReference; explicitFileType = wrapper.application; includeInIndex = 0; path = SmartNotes.app; sourceTree = BUILT_PRODUCTS_DIR; };
		D5FEFAACF77CB1E7C3849707 /* AIExplanationSheet.swift */ = {isa = PBXFileReference; lastKnownFileType = sourcecode.swift; path = AIExplanationSheet.swift; sourceTree = "<group>"; };
		DB77F16CB243E48A4C74986C /* VocabularyListView.swift */ = {isa = PBXFileReference; lastKnownFileType = sourcecode.swift; path = VocabularyListView.swift; sourceTree = "<group>"; };
		DCB3734455DD2B441A183521 /* LiquidGlassStyle.swift */ = {isa = PBXFileReference; lastKnownFileType = sourcecode.swift; path = LiquidGlassStyle.swift; sourceTree = "<group>"; };
		DFE6B0D806FB5E17DB14FC3F /* AIExplanation.swift */ = {isa = PBXFileReference; lastKnownFileType = sourcecode.swift; path = AIExplanation.swift; sourceTree = "<group>"; };
		E1F3EA46BEC563B303CB06B7 /* VocabularyServiceTests.swift */ = {isa = PBXFileReference; lastKnownFileType = sourcecode.swift; path = VocabularyServiceTests.swift; sourceTree = "<group>"; };
		E440F00AE5C665D9FC9C384D /* dictionary.sqlite */ = {isa = PBXFileReference; lastKnownFileType = file; path = dictionary.sqlite; sourceTree = "<group>"; };
		ECFC94BE5BDD48130C4F49AE /* DictionaryCacheServiceTests.swift */ = {isa = PBXFileReference; lastKnownFileType = sourcecode.swift; path = DictionaryCacheServiceTests.swift; sourceTree = "<group>"; };
/* End PBXFileReference section */

/* Begin PBXGroup section */
		01E022620062764A9328C2C5 /* Notebooks */ = {
			isa = PBXGroup;
			children = (
				8E4B6A74B8856650A18A78DC /* DrawingCanvasView.swift */,
				DCB3734455DD2B441A183521 /* LiquidGlassStyle.swift */,
				2221F7DB61D8C22B112B6E7F /* NotebookEditorView.swift */,
				9887784609909D1EC607ED05 /* NotebookLibraryView.swift */,
				1E6785709EBB779E81D69CE5 /* PageElementsView.swift */,
				0A04E03DB762DCCB322361DB /* ShapeSnapper.swift */,
			);
			path = Notebooks;
			sourceTree = "<group>";
		};
		0626B412DC2AE300D5D631F1 /* Views */ = {
			isa = PBXGroup;
			children = (
				9343506C8A09F7DCD561E95A /* AI */,
				BFD324FFF5DBE41F0DF0D9A5 /* Dictionary */,
				01E022620062764A9328C2C5 /* Notebooks */,
				C8A5BC09E78E0A04681A81B2 /* Notes */,
				9F937EFF400061A46969D670 /* Settings */,
				BD11B613FB4E9BD30225AA12 /* Vocabulary */,
			);
			path = Views;
			sourceTree = "<group>";
		};
		0A719F93B29D7A9EFAE2A588 /* ViewModels */ = {
			isa = PBXGroup;
			children = (
				84F893A632E672428897A83D /* DictionaryLookupViewModel.swift */,
				27F432CD16AFE866C21FA73F /* NoteEditorViewModel.swift */,
				8471A603360370A08F7409B3 /* NotesLibraryViewModel.swift */,
				27E0D0FDC53FA90D7C9687C2 /* VocabularyViewModel.swift */,
			);
			path = ViewModels;
			sourceTree = "<group>";
		};
		1C0D51A66B5017C9FB2B0096 /* SmartNotesUITests */ = {
			isa = PBXGroup;
			children = (
				B61B19CED030C6787FDE4D70 /* NotebookFlowUITests.swift */,
			);
			path = SmartNotesUITests;
			sourceTree = "<group>";
		};
		1CBD6439137B8D647EC86651 /* Preview Content */ = {
			isa = PBXGroup;
			children = (
				97B1CBEB7D87C5DB73CA3CA1 /* Preview Assets.xcassets */,
			);
			path = "Preview Content";
			sourceTree = "<group>";
		};
		1DE200DBD5E5A8FBF9746ECE = {
			isa = PBXGroup;
			children = (
				FA9237B1E1B2C33024A11EF8 /* SmartNotes */,
				1FE362CCF27CCA4F38BEE117 /* SmartNotesTests */,
				1C0D51A66B5017C9FB2B0096 /* SmartNotesUITests */,
				FAA97D2B2EFC2B7DC7B1D300 /* Products */,
			);
			sourceTree = "<group>";
		};
		1FE362CCF27CCA4F38BEE117 /* SmartNotesTests */ = {
			isa = PBXGroup;
			children = (
				ECFC94BE5BDD48130C4F49AE /* DictionaryCacheServiceTests.swift */,
				260BB29E4E81F4DE613634EC /* DictionaryDecodingTests.swift */,
				26109E2D91DBEFE144F8A808 /* DictionaryServiceTests.swift */,
				812F7E103045D5734DFFCBE6 /* OfflineDictionaryServiceTests.swift */,
				E1F3EA46BEC563B303CB06B7 /* VocabularyServiceTests.swift */,
				9EED1F841BD5DB468411A73D /* WordNormalizerTests.swift */,
				8B0D497D0F33C9549E118462 /* Fixtures */,
				9515BA6FEC042520AE92B84D /* Support */,
			);
			path = SmartNotesTests;
			sourceTree = "<group>";
		};
		677DB58EB378B795AD55E8ED /* Models */ = {
			isa = PBXGroup;
			children = (
				DFE6B0D806FB5E17DB14FC3F /* AIExplanation.swift */,
				825E099EE8F5E1AE3A03FD71 /* CachedDictionaryEntry.swift */,
				A8ABB8AB4C3FB0B1606CF3DD /* DictionaryModels.swift */,
				6D17E1AC9CADD6DB1D2E7997 /* Note.swift */,
				8684AB3AB929EA3C5D062346 /* Notebook.swift */,
				2EB4232CA527079409834E07 /* PageElement.swift */,
				47D50AC2281BBF2D82698668 /* VocabularyItem.swift */,
			);
			path = Models;
			sourceTree = "<group>";
		};
		8B0D497D0F33C9549E118462 /* Fixtures */ = {
			isa = PBXGroup;
			children = (
				A23CAC01C7103E82EA766D61 /* drink.json */,
			);
			path = Fixtures;
			sourceTree = "<group>";
		};
		9027ABF588157779F34A4967 /* Resources */ = {
			isa = PBXGroup;
			children = (
				E440F00AE5C665D9FC9C384D /* dictionary.sqlite */,
			);
			path = Resources;
			sourceTree = "<group>";
		};
		9343506C8A09F7DCD561E95A /* AI */ = {
			isa = PBXGroup;
			children = (
				D5FEFAACF77CB1E7C3849707 /* AIExplanationSheet.swift */,
			);
			path = AI;
			sourceTree = "<group>";
		};
		9515BA6FEC042520AE92B84D /* Support */ = {
			isa = PBXGroup;
			children = (
				65C4D8D384E7F38369CD42B1 /* MockURLProtocol.swift */,
			);
			path = Support;
			sourceTree = "<group>";
		};
		9E43F8CF119E00385C4965B3 /* Services */ = {
			isa = PBXGroup;
			children = (
				685DC462E067D9383EB90C2B /* AIExplanationService.swift */,
				2E144740DA4FDAAEC2F49996 /* AudioPlayerService.swift */,
				75803C6C5E87906C6E714705 /* DictionaryCacheService.swift */,
				294AFB1C897EF6F1E3FF25DE /* DictionaryService.swift */,
				CDDA84644077E41C037E720C /* LookupCoordinator.swift */,
				5AD7658A4386368C5D752D7E /* MockAIExplanationService.swift */,
				ACDBB3277D74612174D6A8C3 /* NotebookDocumentService.swift */,
				AEEC0EBD4A0E8480CB9C75F3 /* OfflineDictionaryService.swift */,
				0D534038DBB0B058C79C4AA7 /* SQLiteOfflineDictionaryService.swift */,
				10B17E24FEFD9A655ADC0144 /* VocabularyService.swift */,
			);
			path = Services;
			sourceTree = "<group>";
		};
		9F937EFF400061A46969D670 /* Settings */ = {
			isa = PBXGroup;
			children = (
				40D024ADB32901DEBA662503 /* SettingsView.swift */,
			);
			path = Settings;
			sourceTree = "<group>";
		};
		BD11B613FB4E9BD30225AA12 /* Vocabulary */ = {
			isa = PBXGroup;
			children = (
				3788D75E15E487EDE112E668 /* VocabularyDetailView.swift */,
				DB77F16CB243E48A4C74986C /* VocabularyListView.swift */,
			);
			path = Vocabulary;
			sourceTree = "<group>";
		};
		BFD324FFF5DBE41F0DF0D9A5 /* Dictionary */ = {
			isa = PBXGroup;
			children = (
				B0CFC473C7BC0A02F1C2330E /* DefinitionRowView.swift */,
				A731C1283F82F6D6C8122C2F /* DefinitionSheet.swift */,
				38C0BB00F16173B0C66A50E0 /* MeaningSectionView.swift */,
			);
			path = Dictionary;
			sourceTree = "<group>";
		};
		C8A5BC09E78E0A04681A81B2 /* Notes */ = {
			isa = PBXGroup;
			children = (
				134B0229F89AE1BD6872D9B3 /* NoteCardView.swift */,
				0376BEE51A2D908BA97B3F0A /* NoteEditorView.swift */,
				739C1186F16721491D381AD1 /* NotesLibraryView.swift */,
				0FCF130C14316A1A17F34122 /* RichTextEditor.swift */,
			);
			path = Notes;
			sourceTree = "<group>";
		};
		DDA85A4BAF8576F6FC64C52A /* PreviewSupport */ = {
			isa = PBXGroup;
			children = (
				4F9E44E500B75165FA2B770C /* SampleDictionary.swift */,
				14F86597CE283636E1BB6986 /* SampleNotes.swift */,
			);
			path = PreviewSupport;
			sourceTree = "<group>";
		};
		FA9237B1E1B2C33024A11EF8 /* SmartNotes */ = {
			isa = PBXGroup;
			children = (
				9AD7EAFE11D10D7ABD5675DA /* Assets.xcassets */,
				1EB27834A4DAAE4BA7DFBF10 /* SmartNotesApp.swift */,
				677DB58EB378B795AD55E8ED /* Models */,
				1CBD6439137B8D647EC86651 /* Preview Content */,
				DDA85A4BAF8576F6FC64C52A /* PreviewSupport */,
				9027ABF588157779F34A4967 /* Resources */,
				9E43F8CF119E00385C4965B3 /* Services */,
				0A719F93B29D7A9EFAE2A588 /* ViewModels */,
				0626B412DC2AE300D5D631F1 /* Views */,
			);
			path = SmartNotes;
			sourceTree = "<group>";
		};
		FAA97D2B2EFC2B7DC7B1D300 /* Products */ = {
			isa = PBXGroup;
			children = (
				D03711076512DCEEC0A90D22 /* SmartNotes.app */,
				AAEC86C9A623F4F4D2B214F6 /* SmartNotesTests.xctest */,
				B0D8DB212E7C4C983D3F4F90 /* SmartNotesUITests.xctest */,
			);
			name = Products;
			sourceTree = "<group>";
		};
/* End PBXGroup section */

/* Begin PBXNativeTarget section */
		7FCAC61319EC84C763D64583 /* SmartNotesUITests */ = {
			isa = PBXNativeTarget;
			buildConfigurationList = 9DAE0FF5358C462E9046A387 /* Build configuration list for PBXNativeTarget "SmartNotesUITests" */;
			buildPhases = (
				72BA4ADDF3CCF8AC7A048255 /* Sources */,
			);
			buildRules = (
			);
			dependencies = (
				54FAC74408F8AA35C31EB848 /* PBXTargetDependency */,
			);
			name = SmartNotesUITests;
			packageProductDependencies = (
			);
			productName = SmartNotesUITests;
			productReference = B0D8DB212E7C4C983D3F4F90 /* SmartNotesUITests.xctest */;
			productType = "com.apple.product-type.bundle.ui-testing";
		};
		841DFBFCA1BDD3C5A27E19F4 /* SmartNotesTests */ = {
			isa = PBXNativeTarget;
			buildConfigurationList = 9BD1868540C18D0967EBA43F /* Build configuration list for PBXNativeTarget "SmartNotesTests" */;
			buildPhases = (
				7389A4BF57F3456AE48E0A80 /* Sources */,
				D14BC0C77ECC924952E14953 /* Resources */,
			);
			buildRules = (
			);
			dependencies = (
				A38A58BEE0F6B657D65219D0 /* PBXTargetDependency */,
			);
			name = SmartNotesTests;
			packageProductDependencies = (
			);
			productName = SmartNotesTests;
			productReference = AAEC86C9A623F4F4D2B214F6 /* SmartNotesTests.xctest */;
			productType = "com.apple.product-type.bundle.unit-test";
		};
		FC5935945D0D94578A47DD5C /* SmartNotes */ = {
			isa = PBXNativeTarget;
			buildConfigurationList = 94BADBC2A5048B623BBD157B /* Build configuration list for PBXNativeTarget "SmartNotes" */;
			buildPhases = (
				EC7AC6FF1790DB5EBC759A5F /* Sources */,
				A019E1D5519BECBA694C7936 /* Resources */,
			);
			buildRules = (
			);
			dependencies = (
			);
			name = SmartNotes;
			packageProductDependencies = (
			);
			productName = SmartNotes;
			productReference = D03711076512DCEEC0A90D22 /* SmartNotes.app */;
			productType = "com.apple.product-type.application";
		};
/* End PBXNativeTarget section */

/* Begin PBXProject section */
		F3216CA23828AD32E17D97D2 /* Project object */ = {
			isa = PBXProject;
			attributes = {
				BuildIndependentTargetsInParallel = YES;
				LastUpgradeCheck = 1430;
				TargetAttributes = {
					7FCAC61319EC84C763D64583 = {
						TestTargetID = FC5935945D0D94578A47DD5C;
					};
				};
			};
			buildConfigurationList = CD41DDA5900CE743547DF3EF /* Build configuration list for PBXProject "SmartNotes" */;
			developmentRegion = en;
			hasScannedForEncodings = 0;
			knownRegions = (
				Base,
				en,
			);
			mainGroup = 1DE200DBD5E5A8FBF9746ECE;
			minimizedProjectReferenceProxies = 1;
			preferredProjectObjectVersion = 77;
			productRefGroup = FAA97D2B2EFC2B7DC7B1D300 /* Products */;
			projectDirPath = "";
			projectRoot = "";
			targets = (
				FC5935945D0D94578A47DD5C /* SmartNotes */,
				841DFBFCA1BDD3C5A27E19F4 /* SmartNotesTests */,
				7FCAC61319EC84C763D64583 /* SmartNotesUITests */,
			);
		};
/* End PBXProject section */

/* Begin PBXResourcesBuildPhase section */
		A019E1D5519BECBA694C7936 /* Resources */ = {
			isa = PBXResourcesBuildPhase;
			buildActionMask = 2147483647;
			files = (
				0EDE09BBB03E8F701E8D51D4 /* Assets.xcassets in Resources */,
				68AE3C6D21DDB766B3E0C4E7 /* Preview Assets.xcassets in Resources */,
				E80BCCFFD1ACBEB8987C558F /* dictionary.sqlite in Resources */,
			);
			runOnlyForDeploymentPostprocessing = 0;
		};
		D14BC0C77ECC924952E14953 /* Resources */ = {
			isa = PBXResourcesBuildPhase;
			buildActionMask = 2147483647;
			files = (
				F400D011515A05915734FAF0 /* drink.json in Resources */,
			);
			runOnlyForDeploymentPostprocessing = 0;
		};
/* End PBXResourcesBuildPhase section */

/* Begin PBXSourcesBuildPhase section */
		72BA4ADDF3CCF8AC7A048255 /* Sources */ = {
			isa = PBXSourcesBuildPhase;
			buildActionMask = 2147483647;
			files = (
				50711B0FDA35C4BE80665B63 /* NotebookFlowUITests.swift in Sources */,
			);
			runOnlyForDeploymentPostprocessing = 0;
		};
		7389A4BF57F3456AE48E0A80 /* Sources */ = {
			isa = PBXSourcesBuildPhase;
			buildActionMask = 2147483647;
			files = (
				12A81D10A069866CE18C6C04 /* DictionaryCacheServiceTests.swift in Sources */,
				2639BB6CA7CC9C770EA1365C /* DictionaryDecodingTests.swift in Sources */,
				4E2AFB81D32BCFA71DDBBF05 /* DictionaryServiceTests.swift in Sources */,
				3A76A999579A3F5EFF75C0C0 /* MockURLProtocol.swift in Sources */,
				72E6D24C94D53BB6744757BE /* OfflineDictionaryServiceTests.swift in Sources */,
				5C9652454641BF3302CF94F1 /* VocabularyServiceTests.swift in Sources */,
				62FBA3FC0C136A831BD6B5AB /* WordNormalizerTests.swift in Sources */,
			);
			runOnlyForDeploymentPostprocessing = 0;
		};
		EC7AC6FF1790DB5EBC759A5F /* Sources */ = {
			isa = PBXSourcesBuildPhase;
			buildActionMask = 2147483647;
			files = (
				822920EEA6E59AAB11773CE3 /* AIExplanation.swift in Sources */,
				0FD1237A2C0C56EA2A770A4B /* AIExplanationService.swift in Sources */,
				AB8BCBF3614C4FFC66FC5691 /* AIExplanationSheet.swift in Sources */,
				1F0B8CDE8719C05B10792A74 /* AudioPlayerService.swift in Sources */,
				280E90685D463197CBC94D81 /* CachedDictionaryEntry.swift in Sources */,
				C0030E1B9A4FABF4A49CA292 /* DefinitionRowView.swift in Sources */,
				3274969D4AE6F228A74BE0A8 /* DefinitionSheet.swift in Sources */,
				9CD37A4FB74DF7E92139E549 /* DictionaryCacheService.swift in Sources */,
				3E4167064623B3D415CBBE2D /* DictionaryLookupViewModel.swift in Sources */,
				83ABAA9CF016AEE02E34E406 /* DictionaryModels.swift in Sources */,
				B32CC65A39AE32EBB1D9EBFD /* DictionaryService.swift in Sources */,
				FAD27B15980892E69BE76DBB /* DrawingCanvasView.swift in Sources */,
				34C2123FA0F9D77983487590 /* LiquidGlassStyle.swift in Sources */,
				90256DFFBFB2538EDB77EE19 /* LookupCoordinator.swift in Sources */,
				AA2229998778DA2E872220ED /* MeaningSectionView.swift in Sources */,
				E57295BFE9A079B4EBE04C33 /* MockAIExplanationService.swift in Sources */,
				AA43E02372C0BF8E7EBB80B0 /* Note.swift in Sources */,
				BEDD0BED6A105349D523BD69 /* NoteCardView.swift in Sources */,
				412C7A9A73DC860E2A58A6DC /* NoteEditorView.swift in Sources */,
				30767356DB158E941960D64F /* NoteEditorViewModel.swift in Sources */,
				FEA026AEDFD6456E17FBBD26 /* Notebook.swift in Sources */,
				C493EC1550EBAAE49F0722B5 /* NotebookDocumentService.swift in Sources */,
				621E2A5B79A68508947EC75F /* NotebookEditorView.swift in Sources */,
				7BCDE11C83318381B84C1B64 /* NotebookLibraryView.swift in Sources */,
				3D90A256CC1B8B427AAA4460 /* NotesLibraryView.swift in Sources */,
				A08164C02AF2A8D3AB6A2042 /* NotesLibraryViewModel.swift in Sources */,
				C06C15234E6AED4724CF22A2 /* OfflineDictionaryService.swift in Sources */,
				680211714A8B81A14E04F547 /* PageElement.swift in Sources */,
				237FF42D4946A0FA991F8F85 /* PageElementsView.swift in Sources */,
				4221FC75DD9743791B97AA33 /* RichTextEditor.swift in Sources */,
				AF4086B867880F5C86F507F7 /* SQLiteOfflineDictionaryService.swift in Sources */,
				84D73D9F4497A146368C00A2 /* SampleDictionary.swift in Sources */,
				A7E222A85A8E4E08CA98E4DB /* SampleNotes.swift in Sources */,
				34F0F6008891FC8F9B76FC8C /* SettingsView.swift in Sources */,
				2782097E91C0BB82A647A48F /* ShapeSnapper.swift in Sources */,
				74657E29ACB44E9289878E12 /* SmartNotesApp.swift in Sources */,
				E7E238CA975F4F6239D7A5DD /* VocabularyDetailView.swift in Sources */,
				577EB59D8268EC1F384D4694 /* VocabularyItem.swift in Sources */,
				7F549F0DA9E3C8A5A04CBE9D /* VocabularyListView.swift in Sources */,
				2F3491E537062031742F9E20 /* VocabularyService.swift in Sources */,
				6ECF8D99F001FFCC5F818B0A /* VocabularyViewModel.swift in Sources */,
			);
			runOnlyForDeploymentPostprocessing = 0;
		};
/* End PBXSourcesBuildPhase section */

/* Begin PBXTargetDependency section */
		54FAC74408F8AA35C31EB848 /* PBXTargetDependency */ = {
			isa = PBXTargetDependency;
			target = FC5935945D0D94578A47DD5C /* SmartNotes */;
			targetProxy = 9B23021768B306A9CE230033 /* PBXContainerItemProxy */;
		};
		A38A58BEE0F6B657D65219D0 /* PBXTargetDependency */ = {
			isa = PBXTargetDependency;
			target = FC5935945D0D94578A47DD5C /* SmartNotes */;
			targetProxy = 5B6AFB86099E72AE13905E41 /* PBXContainerItemProxy */;
		};
/* End PBXTargetDependency section */

/* Begin XCBuildConfiguration section */
		136E4F1DE651DF14075268F0 /* Release */ = {
			isa = XCBuildConfiguration;
			buildSettings = {
				ASSETCATALOG_COMPILER_APPICON_NAME = AppIcon;
				ASSETCATALOG_COMPILER_GLOBAL_ACCENT_COLOR_NAME = AccentColor;
				CODE_SIGN_IDENTITY = "iPhone Developer";
				CURRENT_PROJECT_VERSION = 1;
				DEVELOPMENT_ASSET_PATHS = "\"SmartNotes/Preview Content\"";
				ENABLE_PREVIEWS = YES;
				GENERATE_INFOPLIST_FILE = NO;
				INFOPLIST_FILE = "Config/SmartNotes-Info.plist";
				INFOPLIST_KEY_UISupportedInterfaceOrientations = "UIInterfaceOrientationPortrait UIInterfaceOrientationLandscapeLeft UIInterfaceOrientationLandscapeRight";
				"INFOPLIST_KEY_UISupportedInterfaceOrientations~ipad" = "UIInterfaceOrientationPortrait UIInterfaceOrientationPortraitUpsideDown UIInterfaceOrientationLandscapeLeft UIInterfaceOrientationLandscapeRight";
				LD_RUNPATH_SEARCH_PATHS = (
					"$(inherited)",
					"@executable_path/Frameworks",
				);
				MARKETING_VERSION = 1.0;
				PRODUCT_BUNDLE_IDENTIFIER = com.smartnotes.app;
				PRODUCT_NAME = SmartNotes;
				SDKROOT = iphoneos;
				SUPPORTS_MACCATALYST = NO;
				SWIFT_VERSION = 5.9;
				TARGETED_DEVICE_FAMILY = "1,2";
			};
			name = Release;
		};
		42BC0597F627F75033CF5DD0 /* Release */ = {
			isa = XCBuildConfiguration;
			buildSettings = {
				BUNDLE_LOADER = "$(TEST_HOST)";
				GENERATE_INFOPLIST_FILE = YES;
				LD_RUNPATH_SEARCH_PATHS = (
					"$(inherited)",
					"@executable_path/Frameworks",
					"@loader_path/Frameworks",
				);
				PRODUCT_BUNDLE_IDENTIFIER = com.smartnotes.SmartNotesUITests;
				SDKROOT = iphoneos;
				TARGETED_DEVICE_FAMILY = "1,2";
				TEST_TARGET_NAME = SmartNotes;
			};
			name = Release;
		};
		6599C916A455D2E221A41AFD /* Release */ = {
			isa = XCBuildConfiguration;
			buildSettings = {
				ALWAYS_SEARCH_USER_PATHS = NO;
				CLANG_ANALYZER_NONNULL = YES;
				CLANG_ANALYZER_NUMBER_OBJECT_CONVERSION = YES_AGGRESSIVE;
				CLANG_CXX_LANGUAGE_STANDARD = "gnu++14";
				CLANG_CXX_LIBRARY = "libc++";
				CLANG_ENABLE_MODULES = YES;
				CLANG_ENABLE_OBJC_ARC = YES;
				CLANG_ENABLE_OBJC_WEAK = YES;
				CLANG_WARN_BLOCK_CAPTURE_AUTORELEASING = YES;
				CLANG_WARN_BOOL_CONVERSION = YES;
				CLANG_WARN_COMMA = YES;
				CLANG_WARN_CONSTANT_CONVERSION = YES;
				CLANG_WARN_DEPRECATED_OBJC_IMPLEMENTATIONS = YES;
				CLANG_WARN_DIRECT_OBJC_ISA_USAGE = YES_ERROR;
				CLANG_WARN_DOCUMENTATION_COMMENTS = YES;
				CLANG_WARN_EMPTY_BODY = YES;
				CLANG_WARN_ENUM_CONVERSION = YES;
				CLANG_WARN_INFINITE_RECURSION = YES;
				CLANG_WARN_INT_CONVERSION = YES;
				CLANG_WARN_NON_LITERAL_NULL_CONVERSION = YES;
				CLANG_WARN_OBJC_IMPLICIT_RETAIN_SELF = YES;
				CLANG_WARN_OBJC_LITERAL_CONVERSION = YES;
				CLANG_WARN_OBJC_ROOT_CLASS = YES_ERROR;
				CLANG_WARN_QUOTED_INCLUDE_IN_FRAMEWORK_HEADER = YES;
				CLANG_WARN_RANGE_LOOP_ANALYSIS = YES;
				CLANG_WARN_STRICT_PROTOTYPES = YES;
				CLANG_WARN_SUSPICIOUS_MOVE = YES;
				CLANG_WARN_UNGUARDED_AVAILABILITY = YES_AGGRESSIVE;
				CLANG_WARN_UNREACHABLE_CODE = YES;
				CLANG_WARN__DUPLICATE_METHOD_MATCH = YES;
				COPY_PHASE_STRIP = NO;
				DEBUG_INFORMATION_FORMAT = "dwarf-with-dsym";
				ENABLE_NS_ASSERTIONS = NO;
				ENABLE_STRICT_OBJC_MSGSEND = YES;
				GCC_C_LANGUAGE_STANDARD = gnu11;
				GCC_NO_COMMON_BLOCKS = YES;
				GCC_WARN_64_TO_32_BIT_CONVERSION = YES;
				GCC_WARN_ABOUT_RETURN_TYPE = YES_ERROR;
				GCC_WARN_UNDECLARED_SELECTOR = YES;
				GCC_WARN_UNINITIALIZED_AUTOS = YES_AGGRESSIVE;
				GCC_WARN_UNUSED_FUNCTION = YES;
				GCC_WARN_UNUSED_VARIABLE = YES;
				IPHONEOS_DEPLOYMENT_TARGET = 17.0;
				MTL_ENABLE_DEBUG_INFO = NO;
				MTL_FAST_MATH = YES;
				PRODUCT_NAME = "$(TARGET_NAME)";
				SDKROOT = iphoneos;
				SWIFT_COMPILATION_MODE = wholemodule;
				SWIFT_OPTIMIZATION_LEVEL = "-O";
				SWIFT_VERSION = 5.0;
			};
			name = Release;
		};
		6E9D231C9D39577DDE320463 /* Debug */ = {
			isa = XCBuildConfiguration;
			buildSettings = {
				ASSETCATALOG_COMPILER_APPICON_NAME = AppIcon;
				ASSETCATALOG_COMPILER_GLOBAL_ACCENT_COLOR_NAME = AccentColor;
				CODE_SIGN_IDENTITY = "iPhone Developer";
				CURRENT_PROJECT_VERSION = 1;
				DEVELOPMENT_ASSET_PATHS = "\"SmartNotes/Preview Content\"";
				DEVELOPMENT_TEAM = 5KBY332ZVF;
				ENABLE_PREVIEWS = YES;
				GENERATE_INFOPLIST_FILE = NO;
				INFOPLIST_FILE = "Config/SmartNotes-Info.plist";
				INFOPLIST_KEY_UISupportedInterfaceOrientations = "UIInterfaceOrientationPortrait UIInterfaceOrientationLandscapeLeft UIInterfaceOrientationLandscapeRight";
				"INFOPLIST_KEY_UISupportedInterfaceOrientations~ipad" = "UIInterfaceOrientationPortrait UIInterfaceOrientationPortraitUpsideDown UIInterfaceOrientationLandscapeLeft UIInterfaceOrientationLandscapeRight";
				LD_RUNPATH_SEARCH_PATHS = (
					"$(inherited)",
					"@executable_path/Frameworks",
				);
				MARKETING_VERSION = 1.0;
				PRODUCT_BUNDLE_IDENTIFIER = com.rawinakasem.smartnotes;
				PRODUCT_NAME = SmartNotes;
				SDKROOT = iphoneos;
				SUPPORTS_MACCATALYST = NO;
				SWIFT_VERSION = 5.9;
				TARGETED_DEVICE_FAMILY = "1,2";
			};
			name = Debug;
		};
		CB50C601191D6C61507D9071 /* Debug */ = {
			isa = XCBuildConfiguration;
			buildSettings = {
				ALWAYS_SEARCH_USER_PATHS = NO;
				CLANG_ANALYZER_NONNULL = YES;
				CLANG_ANALYZER_NUMBER_OBJECT_CONVERSION = YES_AGGRESSIVE;
				CLANG_CXX_LANGUAGE_STANDARD = "gnu++14";
				CLANG_CXX_LIBRARY = "libc++";
				CLANG_ENABLE_MODULES = YES;
				CLANG_ENABLE_OBJC_ARC = YES;
				CLANG_ENABLE_OBJC_WEAK = YES;
				CLANG_WARN_BLOCK_CAPTURE_AUTORELEASING = YES;
				CLANG_WARN_BOOL_CONVERSION = YES;
				CLANG_WARN_COMMA = YES;
				CLANG_WARN_CONSTANT_CONVERSION = YES;
				CLANG_WARN_DEPRECATED_OBJC_IMPLEMENTATIONS = YES;
				CLANG_WARN_DIRECT_OBJC_ISA_USAGE = YES_ERROR;
				CLANG_WARN_DOCUMENTATION_COMMENTS = YES;
				CLANG_WARN_EMPTY_BODY = YES;
				CLANG_WARN_ENUM_CONVERSION = YES;
				CLANG_WARN_INFINITE_RECURSION = YES;
				CLANG_WARN_INT_CONVERSION = YES;
				CLANG_WARN_NON_LITERAL_NULL_CONVERSION = YES;
				CLANG_WARN_OBJC_IMPLICIT_RETAIN_SELF = YES;
				CLANG_WARN_OBJC_LITERAL_CONVERSION = YES;
				CLANG_WARN_OBJC_ROOT_CLASS = YES_ERROR;
				CLANG_WARN_QUOTED_INCLUDE_IN_FRAMEWORK_HEADER = YES;
				CLANG_WARN_RANGE_LOOP_ANALYSIS = YES;
				CLANG_WARN_STRICT_PROTOTYPES = YES;
				CLANG_WARN_SUSPICIOUS_MOVE = YES;
				CLANG_WARN_UNGUARDED_AVAILABILITY = YES_AGGRESSIVE;
				CLANG_WARN_UNREACHABLE_CODE = YES;
				CLANG_WARN__DUPLICATE_METHOD_MATCH = YES;
				COPY_PHASE_STRIP = NO;
				DEBUG_INFORMATION_FORMAT = dwarf;
				ENABLE_STRICT_OBJC_MSGSEND = YES;
				ENABLE_TESTABILITY = YES;
				GCC_C_LANGUAGE_STANDARD = gnu11;
				GCC_DYNAMIC_NO_PIC = NO;
				GCC_NO_COMMON_BLOCKS = YES;
				GCC_OPTIMIZATION_LEVEL = 0;
				GCC_PREPROCESSOR_DEFINITIONS = (
					"$(inherited)",
					"DEBUG=1",
				);
				GCC_WARN_64_TO_32_BIT_CONVERSION = YES;
				GCC_WARN_ABOUT_RETURN_TYPE = YES_ERROR;
				GCC_WARN_UNDECLARED_SELECTOR = YES;
				GCC_WARN_UNINITIALIZED_AUTOS = YES_AGGRESSIVE;
				GCC_WARN_UNUSED_FUNCTION = YES;
				GCC_WARN_UNUSED_VARIABLE = YES;
				IPHONEOS_DEPLOYMENT_TARGET = 17.0;
				MTL_ENABLE_DEBUG_INFO = INCLUDE_SOURCE;
				MTL_FAST_MATH = YES;
				ONLY_ACTIVE_ARCH = YES;
				PRODUCT_NAME = "$(TARGET_NAME)";
				SDKROOT = iphoneos;
				SWIFT_ACTIVE_COMPILATION_CONDITIONS = DEBUG;
				SWIFT_OPTIMIZATION_LEVEL = "-Onone";
				SWIFT_VERSION = 5.0;
			};
			name = Debug;
		};
		D34F849F4A983641A849D2BA /* Release */ = {
			isa = XCBuildConfiguration;
			buildSettings = {
				BUNDLE_LOADER = "$(TEST_HOST)";
				GENERATE_INFOPLIST_FILE = YES;
				LD_RUNPATH_SEARCH_PATHS = (
					"$(inherited)",
					"@executable_path/Frameworks",
					"@loader_path/Frameworks",
				);
				PRODUCT_BUNDLE_IDENTIFIER = com.smartnotes.SmartNotesTests;
				SDKROOT = iphoneos;
				TARGETED_DEVICE_FAMILY = "1,2";
				TEST_HOST = "$(BUILT_PRODUCTS_DIR)/SmartNotes.app/SmartNotes";
			};
			name = Release;
		};
		ED31F8C38B433B3AB7B58715 /* Debug */ = {
			isa = XCBuildConfiguration;
			buildSettings = {
				BUNDLE_LOADER = "$(TEST_HOST)";
				GENERATE_INFOPLIST_FILE = YES;
				LD_RUNPATH_SEARCH_PATHS = (
					"$(inherited)",
					"@executable_path/Frameworks",
					"@loader_path/Frameworks",
				);
				PRODUCT_BUNDLE_IDENTIFIER = com.smartnotes.SmartNotesTests;
				SDKROOT = iphoneos;
				TARGETED_DEVICE_FAMILY = "1,2";
				TEST_HOST = "$(BUILT_PRODUCTS_DIR)/SmartNotes.app/SmartNotes";
			};
			name = Debug;
		};
		EEA8BCF6C3EECB6843504A3F /* Debug */ = {
			isa = XCBuildConfiguration;
			buildSettings = {
				BUNDLE_LOADER = "$(TEST_HOST)";
				GENERATE_INFOPLIST_FILE = YES;
				LD_RUNPATH_SEARCH_PATHS = (
					"$(inherited)",
					"@executable_path/Frameworks",
					"@loader_path/Frameworks",
				);
				PRODUCT_BUNDLE_IDENTIFIER = com.smartnotes.SmartNotesUITests;
				SDKROOT = iphoneos;
				TARGETED_DEVICE_FAMILY = "1,2";
				TEST_TARGET_NAME = SmartNotes;
			};
			name = Debug;
		};
/* End XCBuildConfiguration section */

/* Begin XCConfigurationList section */
		94BADBC2A5048B623BBD157B /* Build configuration list for PBXNativeTarget "SmartNotes" */ = {
			isa = XCConfigurationList;
			buildConfigurations = (
				6E9D231C9D39577DDE320463 /* Debug */,
				136E4F1DE651DF14075268F0 /* Release */,
			);
			defaultConfigurationIsVisible = 0;
			defaultConfigurationName = Debug;
		};
		9BD1868540C18D0967EBA43F /* Build configuration list for PBXNativeTarget "SmartNotesTests" */ = {
			isa = XCConfigurationList;
			buildConfigurations = (
				ED31F8C38B433B3AB7B58715 /* Debug */,
				D34F849F4A983641A849D2BA /* Release */,
			);
			defaultConfigurationIsVisible = 0;
			defaultConfigurationName = Debug;
		};
		9DAE0FF5358C462E9046A387 /* Build configuration list for PBXNativeTarget "SmartNotesUITests" */ = {
			isa = XCConfigurationList;
			buildConfigurations = (
				EEA8BCF6C3EECB6843504A3F /* Debug */,
				42BC0597F627F75033CF5DD0 /* Release */,
			);
			defaultConfigurationIsVisible = 0;
			defaultConfigurationName = Debug;
		};
		CD41DDA5900CE743547DF3EF /* Build configuration list for PBXProject "SmartNotes" */ = {
			isa = XCConfigurationList;
			buildConfigurations = (
				CB50C601191D6C61507D9071 /* Debug */,
				6599C916A455D2E221A41AFD /* Release */,
			);
			defaultConfigurationIsVisible = 0;
			defaultConfigurationName = Debug;
		};
/* End XCConfigurationList section */
	};
	rootObject = F3216CA23828AD32E17D97D2 /* Project object */;
}
